
Microsoft Visual Studio Solution File, Format Version 12.00
# Visual Studio 2012
Project("{FAE04EC0-301F-11D3-BF4B-00C04F79EFBC}") = "toBuildingsDev", "toBuildingsDev.csproj", "{CF62CF4D-692F-44DC-A05B-B658A35C51CA}"
EndProject
Global
	GlobalSection(SolutionConfigurationPlatforms) = preSolution
		Debug|Any CPU = Debug|Any CPU
		Release|Any CPU = Release|Any CPU
	EndGlobalSection
	GlobalSection(ProjectConfigurationPlatforms) = postSolution
		{CF62CF4D-692F-44DC-A05B-B658A35C51CA}.Debug|Any CPU.ActiveCfg = Debug|Any CPU
		{CF62CF4D-692F-44DC-A05B-B658A35C51CA}.Debug|Any CPU.Build.0 = Debug|Any CPU
		{CF62CF4D-692F-44DC-A05B-B658A35C51CA}.Release|Any CPU.ActiveCfg = Release|Any CPU
		{CF62CF4D-692F-44DC-A05B-B658A35C51CA}.Release|Any CPU.Build.0 = Release|Any CPU
	EndGlobalSection
	GlobalSection(SolutionProperties) = preSolution
		HideSolutionNode = FALSE
	EndGlobalSection
EndGlobal
